
Microsoft Visual Studio Solution File, Format Version 12.00
# Visual Studio Version 16
VisualStudioVersion = 16.0.30002.166
MinimumVisualStudioVersion = 10.0.40219.1
Project("{FAE04EC0-301F-11D3-BF4B-00C04F79EFBC}") = "GenagateQrCode", "GenagateQrCode\GenagateQrCode.csproj", "{0F1B20EB-41F8-47C4-BF98-E4DB79BEBB7B}"
EndProject
Project("{FAE04EC0-301F-11D3-BF4B-00C04F79EFBC}") = "QrCodeManagerUserControl", "QrCodeManager\QrCodeManagerUserControl.csproj", "{F7979D1A-27F9-47CA-9158-D0101A4DA653}"
EndProject
Project("{9A19103F-16F7-4668-BE54-9A1E7A4F7556}") = "ConsoleCoreTest", "ConsoleCoreTest\ConsoleCoreTest.csproj", "{E022FFB6-F12C-482D-A343-EA674390B23F}"
EndProject
Project("{FAE04EC0-301F-11D3-BF4B-00C04F79EFBC}") = "QrCodeMangagerCore", "QrCodeMangagerCore\QrCodeMangagerCore.csproj", "{4BF1FFC1-8D1F-4761-B306-94D312DFBDB7}"
EndProject
Global
	GlobalSection(SolutionConfigurationPlatforms) = preSolution
		Debug|Any CPU = Debug|Any CPU
		Release|Any CPU = Release|Any CPU
	EndGlobalSection
	GlobalSection(ProjectConfigurationPlatforms) = postSolution
		{0F1B20EB-41F8-47C4-BF98-E4DB79BEBB7B}.Debug|Any CPU.ActiveCfg = Debug|Any CPU
		{0F1B20EB-41F8-47C4-BF98-E4DB79BEBB7B}.Debug|Any CPU.Build.0 = Debug|Any CPU
		{0F1B20EB-41F8-47C4-BF98-E4DB79BEBB7B}.Release|Any CPU.ActiveCfg = Release|Any CPU
		{0F1B20EB-41F8-47C4-BF98-E4DB79BEBB7B}.Release|Any CPU.Build.0 = Release|Any CPU
		{F7979D1A-27F9-47CA-9158-D0101A4DA653}.Debug|Any CPU.ActiveCfg = Debug|Any CPU
		{F7979D1A-27F9-47CA-9158-D0101A4DA653}.Debug|Any CPU.Build.0 = Debug|Any CPU
		{F7979D1A-27F9-47CA-9158-D0101A4DA653}.Release|Any CPU.ActiveCfg = Release|Any CPU
		{F7979D1A-27F9-47CA-9158-D0101A4DA653}.Release|Any CPU.Build.0 = Release|Any CPU
		{E022FFB6-F12C-482D-A343-EA674390B23F}.Debug|Any CPU.ActiveCfg = Debug|Any CPU
		{E022FFB6-F12C-482D-A343-EA674390B23F}.Debug|Any CPU.Build.0 = Debug|Any CPU
		{E022FFB6-F12C-482D-A343-EA674390B23F}.Release|Any CPU.ActiveCfg = Release|Any CPU
		{E022FFB6-F12C-482D-A343-EA674390B23F}.Release|Any CPU.Build.0 = Release|Any CPU
		{4BF1FFC1-8D1F-4761-B306-94D312DFBDB7}.Debug|Any CPU.ActiveCfg = Debug|Any CPU
		{4BF1FFC1-8D1F-4761-B306-94D312DFBDB7}.Debug|Any CPU.Build.0 = Debug|Any CPU
		{4BF1FFC1-8D1F-4761-B306-94D312DFBDB7}.Release|Any CPU.ActiveCfg = Release|Any CPU
		{4BF1FFC1-8D1F-4761-B306-94D312DFBDB7}.Release|Any CPU.Build.0 = Release|Any CPU
	EndGlobalSection
	GlobalSection(SolutionProperties) = preSolution
		HideSolutionNode = FALSE
	EndGlobalSection
	GlobalSection(ExtensibilityGlobals) = postSolution
		SolutionGuid = {82A9E316-DE30-45DE-9E96-53AAA1BF5E48}
	EndGlobalSection
EndGlobal
